{
  "name": "bwi-algorithmus-challenge",
  "version": "1.0.0",
  "lockfileVersion": 1,
  "requires": true,
  "dependencies": {
    "as-table": {
      "version": "1.0.55",
      "resolved": "https://registry.npmjs.org/as-table/-/as-table-1.0.55.tgz",
      "integrity": "sha512-xvsWESUJn0JN421Xb9MQw6AsMHRCUknCe0Wjlxvjud80mU4E6hQf1A6NzQKcYNmYw62MfzEtXc+badstZP3JpQ==",
      "requires": {
        "printable-characters": "^1.0.42"
      }
    },
    "fs": {
      "version": "0.0.1-security",
      "resolved": "https://registry.npmjs.org/fs/-/fs-0.0.1-security.tgz",
      "integrity": "sha1-invTcYa23d84E/I4WLV+yq9eQdQ="
    },
    "printable-characters": {
      "version": "1.0.42",
      "resolved": "https://registry.npmjs.org/printable-characters/-/printable-characters-1.0.42.tgz",
      "integrity": "sha1-Pxjpd6m9jrN/zE/1ZZ176Qhos9g="
    }
  }
}
